
Microsoft Visual Studio Solution File, Format Version 12.00
# Visual Studio Version 17
VisualStudioVersion = 17.5.002.0
MinimumVisualStudioVersion = 10.0.40219.1
Project("{9A19103F-16F7-4668-BE54-9A1E7A4F7556}") = "Atividade1", "Atividade1\Atividade1.csproj", "{7524920D-CA1A-478F-A62D-E5A3B4A54C25}"
EndProject
Global
	GlobalSection(SolutionConfigurationPlatforms) = preSolution
		Debug|Any CPU = Debug|Any CPU
		Release|Any CPU = Release|Any CPU
	EndGlobalSection
	GlobalSection(ProjectConfigurationPlatforms) = postSolution
		{7524920D-CA1A-478F-A62D-E5A3B4A54C25}.Debug|Any CPU.ActiveCfg = Debug|Any CPU
		{7524920D-CA1A-478F-A62D-E5A3B4A54C25}.Debug|Any CPU.Build.0 = Debug|Any CPU
		{7524920D-CA1A-478F-A62D-E5A3B4A54C25}.Release|Any CPU.ActiveCfg = Release|Any CPU
		{7524920D-CA1A-478F-A62D-E5A3B4A54C25}.Release|Any CPU.Build.0 = Release|Any CPU
	EndGlobalSection
	GlobalSection(SolutionProperties) = preSolution
		HideSolutionNode = FALSE
	EndGlobalSection
	GlobalSection(ExtensibilityGlobals) = postSolution
		SolutionGuid = {BAE95CF2-1743-4A3C-860E-85002372F7A8}
	EndGlobalSection
EndGlobal
